
Microsoft Visual Studio Solution File, Format Version 12.00
# Visual Studio Version 16
VisualStudioVersion = 16.0.29728.190
MinimumVisualStudioVersion = 10.0.40219.1
Project("{FAE04EC0-301F-11D3-BF4B-00C04F79EFBC}") = "Injora.Web", "Injora.Web\Injora.Web.csproj", "{4D240C93-DAC8-4FA4-B7FB-AE18AC4A5C7A}"
EndProject
Project("{FAE04EC0-301F-11D3-BF4B-00C04F79EFBC}") = "Injora.Test", "Injora.Test\Injora.Test.csproj", "{B937D65E-79B0-4486-BD16-07B5958B78D3}"
EndProject
Global
	GlobalSection(SolutionConfigurationPlatforms) = preSolution
		Debug|Any CPU = Debug|Any CPU
		Release|Any CPU = Release|Any CPU
	EndGlobalSection
	GlobalSection(ProjectConfigurationPlatforms) = postSolution
		{4D240C93-DAC8-4FA4-B7FB-AE18AC4A5C7A}.Debug|Any CPU.ActiveCfg = Debug|Any CPU
		{4D240C93-DAC8-4FA4-B7FB-AE18AC4A5C7A}.Debug|Any CPU.Build.0 = Debug|Any CPU
		{4D240C93-DAC8-4FA4-B7FB-AE18AC4A5C7A}.Release|Any CPU.ActiveCfg = Release|Any CPU
		{4D240C93-DAC8-4FA4-B7FB-AE18AC4A5C7A}.Release|Any CPU.Build.0 = Release|Any CPU
		{B937D65E-79B0-4486-BD16-07B5958B78D3}.Debug|Any CPU.ActiveCfg = Debug|Any CPU
		{B937D65E-79B0-4486-BD16-07B5958B78D3}.Debug|Any CPU.Build.0 = Debug|Any CPU
		{B937D65E-79B0-4486-BD16-07B5958B78D3}.Release|Any CPU.ActiveCfg = Release|Any CPU
		{B937D65E-79B0-4486-BD16-07B5958B78D3}.Release|Any CPU.Build.0 = Release|Any CPU
	EndGlobalSection
	GlobalSection(SolutionProperties) = preSolution
		HideSolutionNode = FALSE
	EndGlobalSection
	GlobalSection(ExtensibilityGlobals) = postSolution
		SolutionGuid = {BF524DF0-9891-4764-A7BB-AA0DEEB76A25}
	EndGlobalSection
EndGlobal
